
Microsoft Visual Studio Solution File, Format Version 12.00
# Visual Studio 15
VisualStudioVersion = 15.0.27130.2036
MinimumVisualStudioVersion = 10.0.40219.1
Project("{FAE04EC0-301F-11D3-BF4B-00C04F79EFBC}") = "SpotifyLyrics", "SpotifyLyrics.csproj", "{7BFDB779-F075-4728-96B5-F5545F2E9A4E}"
EndProject
Project("{FAE04EC0-301F-11D3-BF4B-00C04F79EFBC}") = "SpotifyLyricsDomain", "..\SpotifyLyricsDomain\SpotifyLyricsDomain.csproj", "{DE9A9B34-8895-42E8-BB47-962B25479531}"
EndProject
Global
	GlobalSection(SolutionConfigurationPlatforms) = preSolution
		Debug|Any CPU = Debug|Any CPU
		Release|Any CPU = Release|Any CPU
	EndGlobalSection
	GlobalSection(ProjectConfigurationPlatforms) = postSolution
		{7BFDB779-F075-4728-96B5-F5545F2E9A4E}.Debug|Any CPU.ActiveCfg = Debug|Any CPU
		{7BFDB779-F075-4728-96B5-F5545F2E9A4E}.Debug|Any CPU.Build.0 = Debug|Any CPU
		{7BFDB779-F075-4728-96B5-F5545F2E9A4E}.Release|Any CPU.ActiveCfg = Release|Any CPU
		{7BFDB779-F075-4728-96B5-F5545F2E9A4E}.Release|Any CPU.Build.0 = Release|Any CPU
		{DE9A9B34-8895-42E8-BB47-962B25479531}.Debug|Any CPU.ActiveCfg = Debug|Any CPU
		{DE9A9B34-8895-42E8-BB47-962B25479531}.Debug|Any CPU.Build.0 = Debug|Any CPU
		{DE9A9B34-8895-42E8-BB47-962B25479531}.Release|Any CPU.ActiveCfg = Release|Any CPU
		{DE9A9B34-8895-42E8-BB47-962B25479531}.Release|Any CPU.Build.0 = Release|Any CPU
	EndGlobalSection
	GlobalSection(SolutionProperties) = preSolution
		HideSolutionNode = FALSE
	EndGlobalSection
	GlobalSection(ExtensibilityGlobals) = postSolution
		SolutionGuid = {CAC57781-BA40-4834-9F36-37EF07ED34A9}
	EndGlobalSection
EndGlobal
